# This file is automatically @generated by Cargo.
# It is not intended for manual editing.
version = 4

[[package]]
name = "brain-consensus-core"
version = "1.27.29"

[[package]]
name = "brain-executor-core"
version = "1.27.29"

[[package]]
name = "brain-interview-core"
version = "1.27.29"

[[package]]
name = "brain-troubleshoot-core"
version = "1.27.29"

[[package]]
name = "legal-rules-db"
version = "1.27.29"
